<Solution>
  <Folder Name="/src/">
    <Project Path="src/CoreDesign.Data/CoreDesign.Data.csproj" />
    <Project Path="src/CoreDesign.Logging/CoreDesign.Logging.csproj" />
    <Project Path="src/CoreDesign.Shared/CoreDesign.Shared.csproj" />
  </Folder>
  <Folder Name="/src/CoreDesign.Identity/">
    <File Path="src/CoreDesign.Identity/README.AzureEntra.md" />
    <File Path="src/CoreDesign.Identity/README.md" />
    <Project Path="src/CoreDesign.Identity/CoreDesign.Identity.Client/CoreDesign.Identity.Client.csproj" />
    <Project Path="src/CoreDesign.Identity/CoreDesign.Identity.Server/CoreDesign.Identity.Server.csproj" />
  </Folder>
  <Folder Name="/tests/">
    <Project Path="tests/CoreDesign.Data.Tests/CoreDesign.Data.Tests.csproj" />
    <Project Path="tests/CoreDesign.Logging.Tests/CoreDesign.Logging.Tests.csproj" />
    <Project Path="tests/CoreDesign.Shared.Tests/CoreDesign.Shared.Tests.csproj" />
  </Folder>
  <Folder Name="/tests/CoreDesign.Identity/">
    <Project Path="tests/CoreDesign.Identity.Server.Tests/CoreDesign.Identity.Server.Tests.csproj" />
    <Project Path="tests/CoreDesign.Identity.Client.Tests/CoreDesign.Identity.Client.Tests.csproj" />
  </Folder>
</Solution>
