<Solution>
  <Folder Name="/src/">
    <Project Path="src/SampleApi.Api.Tests/SampleApi.Api.Tests.csproj" />
    <Project Path="src/SampleApi.Api/SampleApi.Api.csproj" />
    <Project Path="src/SampleApi.Aspire.AppHost/SampleApi.Aspire.AppHost.csproj" />
    <Project Path="src/SampleApi.Identity.Api/SampleApi.Identity.Api.csproj" />
    <Project Path="src/SampleApi.Identity.Web/SampleApi.Identity.Web.csproj" />
    <Project Path="src/SampleApi.Aspire.ServiceDefaults/SampleApi.Aspire.ServiceDefaults.csproj" />
    <Project Path="src/SampleApi.Data.MigrationService/SampleApi.Data.MigrationService.csproj" />
    <Project Path="src/Sample.Blazor/Sample.Blazor.csproj" />
  </Folder>
</Solution>
